
Microsoft Visual Studio Solution File, Format Version 12.00
# Visual Studio Version 17
VisualStudioVersion = 17.8.34219.65
MinimumVisualStudioVersion = 10.0.40219.1
Project("{9A19103F-16F7-4668-BE54-9A1E7A4F7556}") = "WaterTrackerAPI", "WaterTrackerAPI\WaterTrackerAPI.csproj", "{E07B1128-D5B4-443C-95F1-F5CDFD1D7CF4}"
EndProject
Project("{9A19103F-16F7-4668-BE54-9A1E7A4F7556}") = "WaterTrackerApp.Models", "WaterTrackerApp.Models\WaterTrackerApp.Models.csproj", "{B73079D3-6BF1-4984-9A2E-A23DA10DABBF}"
EndProject
Project("{9A19103F-16F7-4668-BE54-9A1E7A4F7556}") = "WaterTrackerAppTests", "WaterTrackerAppTests\WaterTrackerAppTests.csproj", "{A3A65559-EC63-4295-B87D-531FC86DD913}"
EndProject
Project("{9A19103F-16F7-4668-BE54-9A1E7A4F7556}") = "WaterTrackerBlazorApp", "WaterTrackerBlazorApp\WaterTrackerBlazorApp.csproj", "{FB25E93A-E56F-472C-96DB-67B00B8351D1}"
EndProject
Global
	GlobalSection(SolutionConfigurationPlatforms) = preSolution
		Debug|Any CPU = Debug|Any CPU
		Release|Any CPU = Release|Any CPU
	EndGlobalSection
	GlobalSection(ProjectConfigurationPlatforms) = postSolution
		{E07B1128-D5B4-443C-95F1-F5CDFD1D7CF4}.Debug|Any CPU.ActiveCfg = Debug|Any CPU
		{E07B1128-D5B4-443C-95F1-F5CDFD1D7CF4}.Debug|Any CPU.Build.0 = Debug|Any CPU
		{E07B1128-D5B4-443C-95F1-F5CDFD1D7CF4}.Release|Any CPU.ActiveCfg = Release|Any CPU
		{E07B1128-D5B4-443C-95F1-F5CDFD1D7CF4}.Release|Any CPU.Build.0 = Release|Any CPU
		{B73079D3-6BF1-4984-9A2E-A23DA10DABBF}.Debug|Any CPU.ActiveCfg = Debug|Any CPU
		{B73079D3-6BF1-4984-9A2E-A23DA10DABBF}.Debug|Any CPU.Build.0 = Debug|Any CPU
		{B73079D3-6BF1-4984-9A2E-A23DA10DABBF}.Release|Any CPU.ActiveCfg = Release|Any CPU
		{B73079D3-6BF1-4984-9A2E-A23DA10DABBF}.Release|Any CPU.Build.0 = Release|Any CPU
		{A3A65559-EC63-4295-B87D-531FC86DD913}.Debug|Any CPU.ActiveCfg = Debug|Any CPU
		{A3A65559-EC63-4295-B87D-531FC86DD913}.Debug|Any CPU.Build.0 = Debug|Any CPU
		{A3A65559-EC63-4295-B87D-531FC86DD913}.Release|Any CPU.ActiveCfg = Release|Any CPU
		{A3A65559-EC63-4295-B87D-531FC86DD913}.Release|Any CPU.Build.0 = Release|Any CPU
		{FB25E93A-E56F-472C-96DB-67B00B8351D1}.Debug|Any CPU.ActiveCfg = Debug|Any CPU
		{FB25E93A-E56F-472C-96DB-67B00B8351D1}.Debug|Any CPU.Build.0 = Debug|Any CPU
		{FB25E93A-E56F-472C-96DB-67B00B8351D1}.Release|Any CPU.ActiveCfg = Release|Any CPU
		{FB25E93A-E56F-472C-96DB-67B00B8351D1}.Release|Any CPU.Build.0 = Release|Any CPU
	EndGlobalSection
	GlobalSection(SolutionProperties) = preSolution
		HideSolutionNode = FALSE
	EndGlobalSection
	GlobalSection(ExtensibilityGlobals) = postSolution
		SolutionGuid = {F3FEE50F-5053-46FE-97CE-0DC3AEF1EBC6}
	EndGlobalSection
EndGlobal
